
Microsoft Visual Studio Solution File, Format Version 12.00
# Visual Studio 2012
Project("{FAE04EC0-301F-11D3-BF4B-00C04F79EFBC}") = "ELTE.Trainings.Lecture04.CustomerRegister", "ELTE.Trainings.Lecture04.CustomerRegister\ELTE.Trainings.Lecture04.CustomerRegister.csproj", "{C6816831-3E62-42A3-8D06-E3E4576F6A4C}"
EndProject
Global
	GlobalSection(SolutionConfigurationPlatforms) = preSolution
		Debug|Any CPU = Debug|Any CPU
		Release|Any CPU = Release|Any CPU
	EndGlobalSection
	GlobalSection(ProjectConfigurationPlatforms) = postSolution
		{C6816831-3E62-42A3-8D06-E3E4576F6A4C}.Debug|Any CPU.ActiveCfg = Debug|Any CPU
		{C6816831-3E62-42A3-8D06-E3E4576F6A4C}.Debug|Any CPU.Build.0 = Debug|Any CPU
		{C6816831-3E62-42A3-8D06-E3E4576F6A4C}.Release|Any CPU.ActiveCfg = Release|Any CPU
		{C6816831-3E62-42A3-8D06-E3E4576F6A4C}.Release|Any CPU.Build.0 = Release|Any CPU
	EndGlobalSection
	GlobalSection(SolutionProperties) = preSolution
		HideSolutionNode = FALSE
	EndGlobalSection
EndGlobal
