
Microsoft Visual Studio Solution File, Format Version 12.00
# Visual Studio 2012
Project("{FAE04EC0-301F-11D3-BF4B-00C04F79EFBC}") = "ELTE.Trainings.Lecture05.ImageViewer", "ELTE.Trainings.Lecture05.ImageViewer\ELTE.Trainings.Lecture05.ImageViewer.csproj", "{DB18BFC9-627B-4C83-B239-5005119A9143}"
EndProject
Global
	GlobalSection(SolutionConfigurationPlatforms) = preSolution
		Debug|Any CPU = Debug|Any CPU
		Release|Any CPU = Release|Any CPU
	EndGlobalSection
	GlobalSection(ProjectConfigurationPlatforms) = postSolution
		{DB18BFC9-627B-4C83-B239-5005119A9143}.Debug|Any CPU.ActiveCfg = Debug|Any CPU
		{DB18BFC9-627B-4C83-B239-5005119A9143}.Debug|Any CPU.Build.0 = Debug|Any CPU
		{DB18BFC9-627B-4C83-B239-5005119A9143}.Release|Any CPU.ActiveCfg = Release|Any CPU
		{DB18BFC9-627B-4C83-B239-5005119A9143}.Release|Any CPU.Build.0 = Release|Any CPU
	EndGlobalSection
	GlobalSection(SolutionProperties) = preSolution
		HideSolutionNode = FALSE
	EndGlobalSection
EndGlobal
